
Microsoft Visual Studio Solution File, Format Version 12.00
# Visual Studio Version 16
VisualStudioVersion = 16.0.30223.230
MinimumVisualStudioVersion = 10.0.40219.1
Project("{9A19103F-16F7-4668-BE54-9A1E7A4F7556}") = "LunrCore", "LunrCore\LunrCore.csproj", "{35E0C04E-9508-408D-B1EB-61402BEAECBA}"
EndProject
Project("{9A19103F-16F7-4668-BE54-9A1E7A4F7556}") = "LunrCoreTests", "LunrCoreTests\LunrCoreTests.csproj", "{7BA2CEE1-BE48-48EF-910C-A78A24F6D9C5}"
EndProject
Project("{2150E333-8FDC-42A3-9474-1A3956D46DE8}") = "Metadata", "Metadata", "{333885CB-3ADF-4462-8910-27A16B6C5F55}"
	ProjectSection(SolutionItems) = preProject
		CODE_OF_CONDUCT.md = CODE_OF_CONDUCT.md
		LICENSE = LICENSE
		README.md = README.md
	EndProjectSection
EndProject
Project("{FAE04EC0-301F-11D3-BF4B-00C04F79EFBC}") = "LunrCorePerf", "LunrCorePerf\LunrCorePerf.csproj", "{863FDAF5-53CD-4D58-911C-B55AF19148BA}"
EndProject
Global
	GlobalSection(SolutionConfigurationPlatforms) = preSolution
		Debug|Any CPU = Debug|Any CPU
		Release|Any CPU = Release|Any CPU
	EndGlobalSection
	GlobalSection(ProjectConfigurationPlatforms) = postSolution
		{35E0C04E-9508-408D-B1EB-61402BEAECBA}.Debug|Any CPU.ActiveCfg = Debug|Any CPU
		{35E0C04E-9508-408D-B1EB-61402BEAECBA}.Debug|Any CPU.Build.0 = Debug|Any CPU
		{35E0C04E-9508-408D-B1EB-61402BEAECBA}.Release|Any CPU.ActiveCfg = Release|Any CPU
		{35E0C04E-9508-408D-B1EB-61402BEAECBA}.Release|Any CPU.Build.0 = Release|Any CPU
		{7BA2CEE1-BE48-48EF-910C-A78A24F6D9C5}.Debug|Any CPU.ActiveCfg = Debug|Any CPU
		{7BA2CEE1-BE48-48EF-910C-A78A24F6D9C5}.Debug|Any CPU.Build.0 = Debug|Any CPU
		{7BA2CEE1-BE48-48EF-910C-A78A24F6D9C5}.Release|Any CPU.ActiveCfg = Release|Any CPU
		{7BA2CEE1-BE48-48EF-910C-A78A24F6D9C5}.Release|Any CPU.Build.0 = Release|Any CPU
		{863FDAF5-53CD-4D58-911C-B55AF19148BA}.Debug|Any CPU.ActiveCfg = Debug|Any CPU
		{863FDAF5-53CD-4D58-911C-B55AF19148BA}.Debug|Any CPU.Build.0 = Debug|Any CPU
		{863FDAF5-53CD-4D58-911C-B55AF19148BA}.Release|Any CPU.ActiveCfg = Release|Any CPU
		{863FDAF5-53CD-4D58-911C-B55AF19148BA}.Release|Any CPU.Build.0 = Release|Any CPU
	EndGlobalSection
	GlobalSection(SolutionProperties) = preSolution
		HideSolutionNode = FALSE
	EndGlobalSection
	GlobalSection(ExtensibilityGlobals) = postSolution
		SolutionGuid = {684039DE-9AA9-47A8-B12B-354F9147B73E}
	EndGlobalSection
EndGlobal
